
Microsoft Visual Studio Solution File, Format Version 12.00
# Visual Studio 2013
VisualStudioVersion = 12.0.30501.0
MinimumVisualStudioVersion = 10.0.40219.1
Project("{FAE04EC0-301F-11D3-BF4B-00C04F79EFBC}") = "MovieMVCDbDemo", "MovieMVCDbDemo\MovieMVCDbDemo.csproj", "{67B57A9A-5F1B-447D-B59F-89DA7F9524AD}"
EndProject
Project("{FAE04EC0-301F-11D3-BF4B-00C04F79EFBC}") = "MovieMVCDbDemo.Data", "MovieMVCDbDemo.Data\MovieMVCDbDemo.Data.csproj", "{8D1EF34F-27A0-4E87-9515-229850DF9270}"
EndProject
Project("{FAE04EC0-301F-11D3-BF4B-00C04F79EFBC}") = "MovieMVCDbDemo.Models", "MovieMVCDbDemo.Models\MovieMVCDbDemo.Models.csproj", "{AC774D73-A761-430E-A9CE-056CC1854213}"
EndProject
Global
	GlobalSection(SolutionConfigurationPlatforms) = preSolution
		Debug|Any CPU = Debug|Any CPU
		Release|Any CPU = Release|Any CPU
	EndGlobalSection
	GlobalSection(ProjectConfigurationPlatforms) = postSolution
		{67B57A9A-5F1B-447D-B59F-89DA7F9524AD}.Debug|Any CPU.ActiveCfg = Debug|Any CPU
		{67B57A9A-5F1B-447D-B59F-89DA7F9524AD}.Debug|Any CPU.Build.0 = Debug|Any CPU
		{67B57A9A-5F1B-447D-B59F-89DA7F9524AD}.Release|Any CPU.ActiveCfg = Release|Any CPU
		{67B57A9A-5F1B-447D-B59F-89DA7F9524AD}.Release|Any CPU.Build.0 = Release|Any CPU
		{8D1EF34F-27A0-4E87-9515-229850DF9270}.Debug|Any CPU.ActiveCfg = Debug|Any CPU
		{8D1EF34F-27A0-4E87-9515-229850DF9270}.Debug|Any CPU.Build.0 = Debug|Any CPU
		{8D1EF34F-27A0-4E87-9515-229850DF9270}.Release|Any CPU.ActiveCfg = Release|Any CPU
		{8D1EF34F-27A0-4E87-9515-229850DF9270}.Release|Any CPU.Build.0 = Release|Any CPU
		{AC774D73-A761-430E-A9CE-056CC1854213}.Debug|Any CPU.ActiveCfg = Debug|Any CPU
		{AC774D73-A761-430E-A9CE-056CC1854213}.Debug|Any CPU.Build.0 = Debug|Any CPU
		{AC774D73-A761-430E-A9CE-056CC1854213}.Release|Any CPU.ActiveCfg = Release|Any CPU
		{AC774D73-A761-430E-A9CE-056CC1854213}.Release|Any CPU.Build.0 = Release|Any CPU
	EndGlobalSection
	GlobalSection(SolutionProperties) = preSolution
		HideSolutionNode = FALSE
	EndGlobalSection
EndGlobal
