
Microsoft Visual Studio Solution File, Format Version 12.00
# Visual Studio 2012
Project("{FAE04EC0-301F-11D3-BF4B-00C04F79EFBC}") = "TelerikAcademyDatata", "TelerikAcademyDatata\TelerikAcademyDatata.csproj", "{59C774E4-E60A-4AAE-AE66-4CD2EB4F4DAA}"
EndProject
Project("{FAE04EC0-301F-11D3-BF4B-00C04F79EFBC}") = "TelerikAcademtClientaa", "TelerikAcademtClientaa\TelerikAcademtClientaa.csproj", "{B6880B2B-9C97-40C2-9E17-CD8749560131}"
EndProject
Global
	GlobalSection(SolutionConfigurationPlatforms) = preSolution
		Debug|Any CPU = Debug|Any CPU
		Release|Any CPU = Release|Any CPU
	EndGlobalSection
	GlobalSection(ProjectConfigurationPlatforms) = postSolution
		{59C774E4-E60A-4AAE-AE66-4CD2EB4F4DAA}.Debug|Any CPU.ActiveCfg = Debug|Any CPU
		{59C774E4-E60A-4AAE-AE66-4CD2EB4F4DAA}.Debug|Any CPU.Build.0 = Debug|Any CPU
		{59C774E4-E60A-4AAE-AE66-4CD2EB4F4DAA}.Release|Any CPU.ActiveCfg = Release|Any CPU
		{59C774E4-E60A-4AAE-AE66-4CD2EB4F4DAA}.Release|Any CPU.Build.0 = Release|Any CPU
		{B6880B2B-9C97-40C2-9E17-CD8749560131}.Debug|Any CPU.ActiveCfg = Debug|Any CPU
		{B6880B2B-9C97-40C2-9E17-CD8749560131}.Debug|Any CPU.Build.0 = Debug|Any CPU
		{B6880B2B-9C97-40C2-9E17-CD8749560131}.Release|Any CPU.ActiveCfg = Release|Any CPU
		{B6880B2B-9C97-40C2-9E17-CD8749560131}.Release|Any CPU.Build.0 = Release|Any CPU
	EndGlobalSection
	GlobalSection(SolutionProperties) = preSolution
		HideSolutionNode = FALSE
	EndGlobalSection
EndGlobal
