
Microsoft Visual Studio Solution File, Format Version 12.00
# Visual Studio 2013
VisualStudioVersion = 12.0.30501.0
MinimumVisualStudioVersion = 10.0.40219.1
Project("{FAE04EC0-301F-11D3-BF4B-00C04F79EFBC}") = "MVCAjaxDemo", "MVCAjaxDemo\MVCAjaxDemo.csproj", "{6DC3F470-1ABD-4501-AF3B-22FF7B3E1571}"
EndProject
Project("{FAE04EC0-301F-11D3-BF4B-00C04F79EFBC}") = "MVCAjaxDemo.Data", "MVCAjaxDemo.Data\MVCAjaxDemo.Data.csproj", "{BA27174B-2AE5-49D8-A7FA-CB93100D3D80}"
EndProject
Project("{FAE04EC0-301F-11D3-BF4B-00C04F79EFBC}") = "MVCAjaxDemo.Models", "MVCAjaxDemo.Models\MVCAjaxDemo.Models.csproj", "{561E9C32-A50D-4177-85FC-4519C83A05FC}"
EndProject
Project("{FAE04EC0-301F-11D3-BF4B-00C04F79EFBC}") = "WebApplication1", "WebApplication1\WebApplication1.csproj", "{C0B685AD-45A3-4CCE-8A68-840A3E38AC9B}"
EndProject
Global
	GlobalSection(SolutionConfigurationPlatforms) = preSolution
		Debug|Any CPU = Debug|Any CPU
		Release|Any CPU = Release|Any CPU
	EndGlobalSection
	GlobalSection(ProjectConfigurationPlatforms) = postSolution
		{6DC3F470-1ABD-4501-AF3B-22FF7B3E1571}.Debug|Any CPU.ActiveCfg = Debug|Any CPU
		{6DC3F470-1ABD-4501-AF3B-22FF7B3E1571}.Debug|Any CPU.Build.0 = Debug|Any CPU
		{6DC3F470-1ABD-4501-AF3B-22FF7B3E1571}.Release|Any CPU.ActiveCfg = Release|Any CPU
		{6DC3F470-1ABD-4501-AF3B-22FF7B3E1571}.Release|Any CPU.Build.0 = Release|Any CPU
		{BA27174B-2AE5-49D8-A7FA-CB93100D3D80}.Debug|Any CPU.ActiveCfg = Debug|Any CPU
		{BA27174B-2AE5-49D8-A7FA-CB93100D3D80}.Debug|Any CPU.Build.0 = Debug|Any CPU
		{BA27174B-2AE5-49D8-A7FA-CB93100D3D80}.Release|Any CPU.ActiveCfg = Release|Any CPU
		{BA27174B-2AE5-49D8-A7FA-CB93100D3D80}.Release|Any CPU.Build.0 = Release|Any CPU
		{561E9C32-A50D-4177-85FC-4519C83A05FC}.Debug|Any CPU.ActiveCfg = Debug|Any CPU
		{561E9C32-A50D-4177-85FC-4519C83A05FC}.Debug|Any CPU.Build.0 = Debug|Any CPU
		{561E9C32-A50D-4177-85FC-4519C83A05FC}.Release|Any CPU.ActiveCfg = Release|Any CPU
		{561E9C32-A50D-4177-85FC-4519C83A05FC}.Release|Any CPU.Build.0 = Release|Any CPU
		{C0B685AD-45A3-4CCE-8A68-840A3E38AC9B}.Debug|Any CPU.ActiveCfg = Debug|Any CPU
		{C0B685AD-45A3-4CCE-8A68-840A3E38AC9B}.Debug|Any CPU.Build.0 = Debug|Any CPU
		{C0B685AD-45A3-4CCE-8A68-840A3E38AC9B}.Release|Any CPU.ActiveCfg = Release|Any CPU
		{C0B685AD-45A3-4CCE-8A68-840A3E38AC9B}.Release|Any CPU.Build.0 = Release|Any CPU
	EndGlobalSection
	GlobalSection(SolutionProperties) = preSolution
		HideSolutionNode = FALSE
	EndGlobalSection
EndGlobal
