
Microsoft Visual Studio Solution File, Format Version 12.00
# Visual Studio 2013
VisualStudioVersion = 12.0.30501.0
MinimumVisualStudioVersion = 10.0.40219.1
Project("{FAE04EC0-301F-11D3-BF4B-00C04F79EFBC}") = "MVCBugTracking", "MVCBugTracking\MVCBugTracking.csproj", "{4C90B4A7-5C45-470A-84E9-0C10742F84C9}"
EndProject
Project("{FAE04EC0-301F-11D3-BF4B-00C04F79EFBC}") = "MVCBugTracking.Models", "MVCBugTracking.Models\MVCBugTracking.Models.csproj", "{9EB050FE-0EE5-4CF1-BB8B-AC48022F81FF}"
EndProject
Project("{FAE04EC0-301F-11D3-BF4B-00C04F79EFBC}") = "MVCBugTracking.Data", "MVCBugTracking.Data\MVCBugTracking.Data.csproj", "{DCA78715-F741-4C87-B071-52172076365E}"
EndProject
Global
	GlobalSection(SolutionConfigurationPlatforms) = preSolution
		Debug|Any CPU = Debug|Any CPU
		Release|Any CPU = Release|Any CPU
	EndGlobalSection
	GlobalSection(ProjectConfigurationPlatforms) = postSolution
		{4C90B4A7-5C45-470A-84E9-0C10742F84C9}.Debug|Any CPU.ActiveCfg = Debug|Any CPU
		{4C90B4A7-5C45-470A-84E9-0C10742F84C9}.Debug|Any CPU.Build.0 = Debug|Any CPU
		{4C90B4A7-5C45-470A-84E9-0C10742F84C9}.Release|Any CPU.ActiveCfg = Release|Any CPU
		{4C90B4A7-5C45-470A-84E9-0C10742F84C9}.Release|Any CPU.Build.0 = Release|Any CPU
		{9EB050FE-0EE5-4CF1-BB8B-AC48022F81FF}.Debug|Any CPU.ActiveCfg = Debug|Any CPU
		{9EB050FE-0EE5-4CF1-BB8B-AC48022F81FF}.Debug|Any CPU.Build.0 = Debug|Any CPU
		{9EB050FE-0EE5-4CF1-BB8B-AC48022F81FF}.Release|Any CPU.ActiveCfg = Release|Any CPU
		{9EB050FE-0EE5-4CF1-BB8B-AC48022F81FF}.Release|Any CPU.Build.0 = Release|Any CPU
		{DCA78715-F741-4C87-B071-52172076365E}.Debug|Any CPU.ActiveCfg = Debug|Any CPU
		{DCA78715-F741-4C87-B071-52172076365E}.Debug|Any CPU.Build.0 = Debug|Any CPU
		{DCA78715-F741-4C87-B071-52172076365E}.Release|Any CPU.ActiveCfg = Release|Any CPU
		{DCA78715-F741-4C87-B071-52172076365E}.Release|Any CPU.Build.0 = Release|Any CPU
	EndGlobalSection
	GlobalSection(SolutionProperties) = preSolution
		HideSolutionNode = FALSE
	EndGlobalSection
EndGlobal
